<?xml version="1.0" encoding="utf-8"?>
<Project ToolsVersion="4.0" xmlns="http://schemas.microsoft.com/developer/msbuild/2003">
  <ItemGroup>
    <Filter Include="Source Files">
      <UniqueIdentifier>{4FC737F1-C7A5-4376-A066-2A32D752A2FF}</UniqueIdentifier>
      <Extensions>cpp;cxx;c;def</Extensions>
    </Filter>
    <Filter Include="Header Files">
      <UniqueIdentifier>{93995380-89BD-4b04-88EB-625FBE52EBFB}</UniqueIdentifier>
      <Extensions>h</Extensions>
    </Filter>
    <Filter Include="Form Files">
      <UniqueIdentifier>{99349809-55BA-4b9d-BF79-8FDBB0286EB3}</UniqueIdentifier>
      <Extensions>ui</Extensions>
    </Filter>
    <Filter Include="Resource Files">
      <UniqueIdentifier>{D9D6E242-F8AF-46E4-B9FD-80ECBC20BA3E}</UniqueIdentifier>
      <Extensions>qrc;*</Extensions>
      <ParseFiles>false</ParseFiles>
    </Filter>
    <Filter Include="Generated Files">
      <UniqueIdentifier>{71ED8ED8-ACB9-4CE9-BBE1-E00B30144E11}</UniqueIdentifier>
      <Extensions>moc;h;cpp</Extensions>
      <SourceControlFiles>False</SourceControlFiles>
    </Filter>
    <Filter Include="Generated Files\Debug">
      <UniqueIdentifier>{ae92b12f-e479-458c-81b1-75f5bdb5542b}</UniqueIdentifier>
      <Extensions>cpp;moc</Extensions>
      <SourceControlFiles>False</SourceControlFiles>
    </Filter>
    <Filter Include="Generated Files\Release">
      <UniqueIdentifier>{f21334fa-f9fb-42f4-a774-1456ba3c63d2}</UniqueIdentifier>
      <Extensions>cpp;moc</Extensions>
      <SourceControlFiles>False</SourceControlFiles>
    </Filter>
  </ItemGroup>
  <ItemGroup>
    <ClCompile Include="GeneratedFiles\qrc_city_vectorization.cpp">
      <Filter>Generated Files</Filter>
    </ClCompile>
    <ClCompile Include="GeneratedFiles\Debug\moc_city_vectorization.cpp">
      <Filter>Generated Files\Debug</Filter>
    </ClCompile>
    <ClCompile Include="GeneratedFiles\Release\moc_city_vectorization.cpp">
      <Filter>Generated Files\Release</Filter>
    </ClCompile>
    <ClCompile Include="src\city_vectorization.cpp">
      <Filter>Source Files</Filter>
    </ClCompile>
    <ClCompile Include="src\ImageReader.cpp">
      <Filter>Source Files</Filter>
    </ClCompile>
    <ClCompile Include="src\main.cpp">
      <Filter>Source Files</Filter>
    </ClCompile>
    <ClCompile Include="src\QtOpencvCore.cpp">
      <Filter>Source Files</Filter>
    </ClCompile>
    <ClCompile Include="contourfinding.cpp">
      <Filter>Source Files</Filter>
    </ClCompile>
    <ClCompile Include="src\areafilter.cpp">
      <Filter>Source Files</Filter>
    </ClCompile>
    <ClCompile Include="src\auxiliary.cpp">
      <Filter>Source Files</Filter>
    </ClCompile>
    <ClCompile Include="src\colorconversions.cpp">
      <Filter>Source Files</Filter>
    </ClCompile>
    <ClCompile Include="src\connectedcomponent.cpp">
      <Filter>Source Files</Filter>
    </ClCompile>
    <ClCompile Include="src\customhoughtransform.cpp">
      <Filter>Source Files</Filter>
    </ClCompile>
    <ClCompile Include="src\unionfind.cpp">
      <Filter>Source Files</Filter>
    </ClCompile>
    <ClCompile Include="src\unionfindcomponents.cpp">
      <Filter>Source Files</Filter>
    </ClCompile>
    <ClCompile Include="src\zhangsuen.cpp">
      <Filter>Source Files</Filter>
    </ClCompile>
  </ItemGroup>
  <ItemGroup>
    <CustomBuild Include="city_vectorization.ui">
      <Filter>Form Files</Filter>
    </CustomBuild>
    <CustomBuild Include="city_vectorization.qrc">
      <Filter>Resource Files</Filter>
    </CustomBuild>
    <CustomBuild Include="city_vectorization.h">
      <Filter>Header Files</Filter>
    </CustomBuild>
  </ItemGroup>
  <ItemGroup>
    <ClInclude Include="GeneratedFiles\ui_city_vectorization.h">
      <Filter>Generated Files</Filter>
    </ClInclude>
    <ClInclude Include="include\areafilter.hpp">
      <Filter>Header Files</Filter>
    </ClInclude>
    <ClInclude Include="include\auxiliary.hpp">
      <Filter>Header Files</Filter>
    </ClInclude>
    <ClInclude Include="include\collineargrouping.hpp">
      <Filter>Header Files</Filter>
    </ClInclude>
    <ClInclude Include="include\colorconversions.hpp">
      <Filter>Header Files</Filter>
    </ClInclude>
    <ClInclude Include="include\connectedcomponent.hpp">
      <Filter>Header Files</Filter>
    </ClInclude>
    <ClInclude Include="include\customhoughtransform.hpp">
      <Filter>Header Files</Filter>
    </ClInclude>
    <ClInclude Include="include\opencvincludes.hpp">
      <Filter>Header Files</Filter>
    </ClInclude>
    <ClInclude Include="include\stringheuristics.hpp">
      <Filter>Header Files</Filter>
    </ClInclude>
    <ClInclude Include="include\unionfind.hpp">
      <Filter>Header Files</Filter>
    </ClInclude>
    <ClInclude Include="include\unionfindcomponents.hpp">
      <Filter>Header Files</Filter>
    </ClInclude>
    <ClInclude Include="include\zhangsuen.hpp">
      <Filter>Header Files</Filter>
    </ClInclude>
    <ClInclude Include="include\ImageReader.hpp">
      <Filter>Header Files</Filter>
    </ClInclude>
    <ClInclude Include="include\QtOpencvCore.hpp">
      <Filter>Header Files</Filter>
    </ClInclude>
    <ClInclude Include="include\vec2icompare.hpp">
      <Filter>Header Files</Filter>
    </ClInclude>
    <ClInclude Include="include\contourfinding.hpp">
      <Filter>Header Files</Filter>
    </ClInclude>
  </ItemGroup>
</Project>